Microsoft Visual Studio Solution File, Format Version 12.00
# Visual Studio 14
VisualStudioVersion = 14.0.25420.1
MinimumVisualStudioVersion = 10.0.40219.1
Project("{FAE04EC0-301F-11D3-BF4B-00C04F79EFBC}") = "Accounts.Web", "Accounts.Web\Accounts.Web.csproj", "{93983D10-5B67-4864-9C98-AB62388243EA}"
EndProject
Project("{FAE04EC0-301F-11D3-BF4B-00C04F79EFBC}") = "Accounts.Tests", "Tests\Accounts.Tests.csproj", "{65E81CFD-5117-44F6-AD90-7942DD4B821D}"
EndProject
Project("{FAE04EC0-301F-11D3-BF4B-00C04F79EFBC}") = "Accounts.Core", "Accounts.Core\Accounts.Core.csproj", "{3669E60B-4767-42E0-8B40-35AB9B005C85}"
EndProject
Project("{FAE04EC0-301F-11D3-BF4B-00C04F79EFBC}") = "Accounts.Database", "Accounts.Database\Accounts.Database.csproj", "{7696FFB2-4783-41D9-8B96-FAE85977BF2B}"
EndProject
Project("{FAE04EC0-301F-11D3-BF4B-00C04F79EFBC}") = "Accounts.DbUp", "Accounts.DbUp\Accounts.DbUp.csproj", "{A8DAD83F-79E4-4A67-91CA-76F2C6396E3C}"
EndProject
Project("{2150E333-8FDC-42A3-9474-1A3956D46DE8}") = "Tests", "Tests", "{80C6DA79-3DCB-4567-BBD8-1AEC1088A213}"
EndProject
Global
	GlobalSection(SolutionConfigurationPlatforms) = preSolution
		Debug|Any CPU = Debug|Any CPU
		Release|Any CPU = Release|Any CPU
	EndGlobalSection
	GlobalSection(ProjectConfigurationPlatforms) = postSolution
		{93983D10-5B67-4864-9C98-AB62388243EA}.Debug|Any CPU.ActiveCfg = Debug|Any CPU
		{93983D10-5B67-4864-9C98-AB62388243EA}.Debug|Any CPU.Build.0 = Debug|Any CPU
		{93983D10-5B67-4864-9C98-AB62388243EA}.Release|Any CPU.ActiveCfg = Release|Any CPU
		{93983D10-5B67-4864-9C98-AB62388243EA}.Release|Any CPU.Build.0 = Release|Any CPU
		{65E81CFD-5117-44F6-AD90-7942DD4B821D}.Debug|Any CPU.ActiveCfg = Debug|Any CPU
		{65E81CFD-5117-44F6-AD90-7942DD4B821D}.Debug|Any CPU.Build.0 = Debug|Any CPU
		{65E81CFD-5117-44F6-AD90-7942DD4B821D}.Release|Any CPU.ActiveCfg = Release|Any CPU
		{65E81CFD-5117-44F6-AD90-7942DD4B821D}.Release|Any CPU.Build.0 = Release|Any CPU
		{3669E60B-4767-42E0-8B40-35AB9B005C85}.Debug|Any CPU.ActiveCfg = Debug|Any CPU
		{3669E60B-4767-42E0-8B40-35AB9B005C85}.Debug|Any CPU.Build.0 = Debug|Any CPU
		{3669E60B-4767-42E0-8B40-35AB9B005C85}.Release|Any CPU.ActiveCfg = Release|Any CPU
		{3669E60B-4767-42E0-8B40-35AB9B005C85}.Release|Any CPU.Build.0 = Release|Any CPU
		{7696FFB2-4783-41D9-8B96-FAE85977BF2B}.Debug|Any CPU.ActiveCfg = Debug|Any CPU
		{7696FFB2-4783-41D9-8B96-FAE85977BF2B}.Debug|Any CPU.Build.0 = Debug|Any CPU
		{7696FFB2-4783-41D9-8B96-FAE85977BF2B}.Release|Any CPU.ActiveCfg = Release|Any CPU
		{7696FFB2-4783-41D9-8B96-FAE85977BF2B}.Release|Any CPU.Build.0 = Release|Any CPU
		{A8DAD83F-79E4-4A67-91CA-76F2C6396E3C}.Debug|Any CPU.ActiveCfg = Debug|Any CPU
		{A8DAD83F-79E4-4A67-91CA-76F2C6396E3C}.Debug|Any CPU.Build.0 = Debug|Any CPU
		{A8DAD83F-79E4-4A67-91CA-76F2C6396E3C}.Release|Any CPU.ActiveCfg = Release|Any CPU
		{A8DAD83F-79E4-4A67-91CA-76F2C6396E3C}.Release|Any CPU.Build.0 = Release|Any CPU
	EndGlobalSection
	GlobalSection(SolutionProperties) = preSolution
		HideSolutionNode = FALSE
	EndGlobalSection
	GlobalSection(NestedProjects) = preSolution
		{65E81CFD-5117-44F6-AD90-7942DD4B821D} = {80C6DA79-3DCB-4567-BBD8-1AEC1088A213}
	EndGlobalSection
EndGlobal
